Microsoft Visual Studio Solution File, Format Version 12.00
# Visual Studio Version 17
VisualStudioVersion = 17.5.2.0
MinimumVisualStudioVersion = 10.0.40219.1
Project("{FAE04EC0-301F-11D3-BF4B-00C04F79EFBC}") = "Horoscopo", "Horoscopo.csproj", "{147B6CF6-C7F8-9B4B-33AF-531EEB53CA08}"
EndProject
Global
	GlobalSection(SolutionConfigurationPlatforms) = preSolution
		Debug|Any CPU = Debug|Any CPU
		Release|Any CPU = Release|Any CPU
	EndGlobalSection
	GlobalSection(ProjectConfigurationPlatforms) = postSolution
		{147B6CF6-C7F8-9B4B-33AF-531EEB53CA08}.Debug|Any CPU.ActiveCfg = Debug|Any CPU
		{147B6CF6-C7F8-9B4B-33AF-531EEB53CA08}.Debug|Any CPU.Build.0 = Debug|Any CPU
		{147B6CF6-C7F8-9B4B-33AF-531EEB53CA08}.Release|Any CPU.ActiveCfg = Release|Any CPU
		{147B6CF6-C7F8-9B4B-33AF-531EEB53CA08}.Release|Any CPU.Build.0 = Release|Any CPU
	EndGlobalSection
	GlobalSection(SolutionProperties) = preSolution
		HideSolutionNode = FALSE
	EndGlobalSection
	GlobalSection(ExtensibilityGlobals) = postSolution
		SolutionGuid = {87FEDABC-9B69-4CEA-86EF-EC821F6AB3D6}
	EndGlobalSection
EndGlobal
